
Microsoft Visual Studio Solution File, Format Version 12.00
# Visual Studio Version 17
VisualStudioVersion = 17.0.31903.59
MinimumVisualStudioVersion = 10.0.40219.1
Project("{FAE04EC0-301F-11D3-BF4B-00C04F79EFBC}") = "ChromaSharp", "ChromaSharp\ChromaSharp.csproj", "{7718D265-4C92-4855-BE12-F0F3F8545475}"
EndProject
Project("{FAE04EC0-301F-11D3-BF4B-00C04F79EFBC}") = "ChromaSharp.Tests", "ChromaSharp.Tests\ChromaSharp.Tests.csproj", "{08754654-C60F-4C67-BAE4-9AB7DF0E680B}"
EndProject
Global
	GlobalSection(SolutionConfigurationPlatforms) = preSolution
		Debug|Any CPU = Debug|Any CPU
		Release|Any CPU = Release|Any CPU
	EndGlobalSection
	GlobalSection(SolutionProperties) = preSolution
		HideSolutionNode = FALSE
	EndGlobalSection
	GlobalSection(ProjectConfigurationPlatforms) = postSolution
		{7718D265-4C92-4855-BE12-F0F3F8545475}.Debug|Any CPU.ActiveCfg = Debug|Any CPU
		{7718D265-4C92-4855-BE12-F0F3F8545475}.Debug|Any CPU.Build.0 = Debug|Any CPU
		{7718D265-4C92-4855-BE12-F0F3F8545475}.Release|Any CPU.ActiveCfg = Release|Any CPU
		{7718D265-4C92-4855-BE12-F0F3F8545475}.Release|Any CPU.Build.0 = Release|Any CPU
		{08754654-C60F-4C67-BAE4-9AB7DF0E680B}.Debug|Any CPU.ActiveCfg = Debug|Any CPU
		{08754654-C60F-4C67-BAE4-9AB7DF0E680B}.Debug|Any CPU.Build.0 = Debug|Any CPU
		{08754654-C60F-4C67-BAE4-9AB7DF0E680B}.Release|Any CPU.ActiveCfg = Release|Any CPU
		{08754654-C60F-4C67-BAE4-9AB7DF0E680B}.Release|Any CPU.Build.0 = Release|Any CPU
	EndGlobalSection
EndGlobal
